github.com/choria-io/go-external v0.0.0-20191122044439-c986598dad73 h1:PJcxaXGLwIxgP73TdrLJpl/HA7sOwQl3DBXmlF2zy0E=
github.com/choria-io/go-external v0.0.0-20191122044439-c986598dad73/go.mod h1:j737Ycu+H4208Q4N6UJSzAtNro7ki3PL4SK5goE0Dp8=
github.com/choria-io/go-external-agent v0.0.0-20190925162635-e84cba4b1f89/go.mod h1:EUBZ16xnP0VLZ6hf4XNkXihelQJqaMlUCoKoRmV+glQ=
